Microsoft Visual Studio Solution File, Format Version 11.00
# Visual Studio 2008

Project("{8C380282-4EB2-CFB9-B3F9-D8D22FD21912}") = "Tower-Defence", "Assembly-CSharp-firstpass.csproj", "{ABF20BA1-5630-268B-037F-B95644721D52}"
EndProject
Project("{8C380282-4EB2-CFB9-B3F9-D8D22FD21912}") = "Tower-Defence", "Assembly-CSharp.csproj", "{2382CDED-BB9B-4185-CE64-F8CF8FA365A7}"
EndProject
Project("{8C380282-4EB2-CFB9-B3F9-D8D22FD21912}") = "Tower-Defence", "Assembly-CSharp-Editor.csproj", "{9D0CA653-1918-CC06-C721-10650BB06936}"
EndProject
Global
	GlobalSection(SolutionConfigurationPlatforms) = preSolution
		Debug|Any CPU = Debug|Any CPU
		Release|Any CPU = Release|Any CPU
	EndGlobalSection
	GlobalSection(ProjectConfigurationPlatforms) = postSolution
		{ABF20BA1-5630-268B-037F-B95644721D52}.Debug|Any CPU.ActiveCfg = Debug|Any CPU
		{ABF20BA1-5630-268B-037F-B95644721D52}.Debug|Any CPU.Build.0 = Debug|Any CPU
		{ABF20BA1-5630-268B-037F-B95644721D52}.Release|Any CPU.ActiveCfg = Release|Any CPU
		{ABF20BA1-5630-268B-037F-B95644721D52}.Release|Any CPU.Build.0 = Release|Any CPU
		{2382CDED-BB9B-4185-CE64-F8CF8FA365A7}.Debug|Any CPU.ActiveCfg = Debug|Any CPU
		{2382CDED-BB9B-4185-CE64-F8CF8FA365A7}.Debug|Any CPU.Build.0 = Debug|Any CPU
		{2382CDED-BB9B-4185-CE64-F8CF8FA365A7}.Release|Any CPU.ActiveCfg = Release|Any CPU
		{2382CDED-BB9B-4185-CE64-F8CF8FA365A7}.Release|Any CPU.Build.0 = Release|Any CPU
		{9D0CA653-1918-CC06-C721-10650BB06936}.Debug|Any CPU.ActiveCfg = Debug|Any CPU
		{9D0CA653-1918-CC06-C721-10650BB06936}.Debug|Any CPU.Build.0 = Debug|Any CPU
		{9D0CA653-1918-CC06-C721-10650BB06936}.Release|Any CPU.ActiveCfg = Release|Any CPU
		{9D0CA653-1918-CC06-C721-10650BB06936}.Release|Any CPU.Build.0 = Release|Any CPU
	EndGlobalSection
	GlobalSection(SolutionProperties) = preSolution
		HideSolutionNode = FALSE
	EndGlobalSection
	GlobalSection(MonoDevelopProperties) = preSolution
		StartupItem = Assembly-CSharp.csproj
	EndGlobalSection
EndGlobal
