
Microsoft Visual Studio Solution File, Format Version 12.00
# Visual Studio 2015
Project("{FAE04EC0-301F-11D3-BF4B-00C04F79EFBC}") = "Tower-Defence.Plugins", "Tower-Defence.Plugins.csproj", "{FB8F277A-7EA9-81BA-F754-CE63966E936B}"
EndProject
Project("{FAE04EC0-301F-11D3-BF4B-00C04F79EFBC}") = "Tower-Defence", "Tower-Defence.csproj", "{28D63D8B-2BB5-F874-5120-5D901FAE55E6}"
EndProject
Project("{FAE04EC0-301F-11D3-BF4B-00C04F79EFBC}") = "Tower-Defence.Editor", "Tower-Defence.Editor.csproj", "{49B98EA1-F235-89B6-AAFA-6A5B6978CC53}"
EndProject
Global
	GlobalSection(SolutionConfigurationPlatforms) = preSolution
		Debug|Any CPU = Debug|Any CPU
		Release|Any CPU = Release|Any CPU
	EndGlobalSection
	GlobalSection(ProjectConfigurationPlatforms) = postSolution
		{FB8F277A-7EA9-81BA-F754-CE63966E936B}.Debug|Any CPU.ActiveCfg = Debug|Any CPU
		{FB8F277A-7EA9-81BA-F754-CE63966E936B}.Debug|Any CPU.Build.0 = Debug|Any CPU
		{FB8F277A-7EA9-81BA-F754-CE63966E936B}.Release|Any CPU.ActiveCfg = Release|Any CPU
		{FB8F277A-7EA9-81BA-F754-CE63966E936B}.Release|Any CPU.Build.0 = Release|Any CPU
		{28D63D8B-2BB5-F874-5120-5D901FAE55E6}.Debug|Any CPU.ActiveCfg = Debug|Any CPU
		{28D63D8B-2BB5-F874-5120-5D901FAE55E6}.Debug|Any CPU.Build.0 = Debug|Any CPU
		{28D63D8B-2BB5-F874-5120-5D901FAE55E6}.Release|Any CPU.ActiveCfg = Release|Any CPU
		{28D63D8B-2BB5-F874-5120-5D901FAE55E6}.Release|Any CPU.Build.0 = Release|Any CPU
		{49B98EA1-F235-89B6-AAFA-6A5B6978CC53}.Debug|Any CPU.ActiveCfg = Debug|Any CPU
		{49B98EA1-F235-89B6-AAFA-6A5B6978CC53}.Debug|Any CPU.Build.0 = Debug|Any CPU
		{49B98EA1-F235-89B6-AAFA-6A5B6978CC53}.Release|Any CPU.ActiveCfg = Release|Any CPU
		{49B98EA1-F235-89B6-AAFA-6A5B6978CC53}.Release|Any CPU.Build.0 = Release|Any CPU
	EndGlobalSection
	GlobalSection(SolutionProperties) = preSolution
		HideSolutionNode = FALSE
	EndGlobalSection
EndGlobal
